
Microsoft Visual Studio Solution File, Format Version 12.00
# Visual Studio Version 17
VisualStudioVersion = 17.8.34330.188
MinimumVisualStudioVersion = 10.0.40219.1
Project("{9A19103F-16F7-4668-BE54-9A1E7A4F7556}") = "CourseProject", "CourseProject\CourseProject.csproj", "{9FCB1E7D-D55F-4970-BA60-6053B4FB3E72}"
EndProject
Project("{9A19103F-16F7-4668-BE54-9A1E7A4F7556}") = "DAL", "DAL\DAL.csproj", "{D27BE5F6-6021-4CDB-8C29-06547EE06C89}"
EndProject
Project("{9A19103F-16F7-4668-BE54-9A1E7A4F7556}") = "DTO", "DTO\DTO.csproj", "{CBC1F5A2-F51C-4588-925E-7435186B2735}"
EndProject
Project("{9A19103F-16F7-4668-BE54-9A1E7A4F7556}") = "DALTests", "DALTests\DALTests.csproj", "{BF88D546-FBA3-4203-AEF5-479CD58B94AC}"
EndProject
Project("{FAE04EC0-301F-11D3-BF4B-00C04F79EFBC}") = "WPF", "WPF\WPF.csproj", "{EA9E6E8E-831F-4B56-A207-746DEE67534B}"
EndProject
Project("{FAE04EC0-301F-11D3-BF4B-00C04F79EFBC}") = "Business Logic", "Business Logic\Business Logic.csproj", "{F01D85E5-DBC0-4ACC-9428-1F675F89F79E}"
EndProject
Global
	GlobalSection(SolutionConfigurationPlatforms) = preSolution
		Debug|Any CPU = Debug|Any CPU
		Release|Any CPU = Release|Any CPU
	EndGlobalSection
	GlobalSection(ProjectConfigurationPlatforms) = postSolution
		{9FCB1E7D-D55F-4970-BA60-6053B4FB3E72}.Debug|Any CPU.ActiveCfg = Debug|Any CPU
		{9FCB1E7D-D55F-4970-BA60-6053B4FB3E72}.Debug|Any CPU.Build.0 = Debug|Any CPU
		{9FCB1E7D-D55F-4970-BA60-6053B4FB3E72}.Release|Any CPU.ActiveCfg = Release|Any CPU
		{9FCB1E7D-D55F-4970-BA60-6053B4FB3E72}.Release|Any CPU.Build.0 = Release|Any CPU
		{D27BE5F6-6021-4CDB-8C29-06547EE06C89}.Debug|Any CPU.ActiveCfg = Debug|Any CPU
		{D27BE5F6-6021-4CDB-8C29-06547EE06C89}.Debug|Any CPU.Build.0 = Debug|Any CPU
		{D27BE5F6-6021-4CDB-8C29-06547EE06C89}.Release|Any CPU.ActiveCfg = Release|Any CPU
		{D27BE5F6-6021-4CDB-8C29-06547EE06C89}.Release|Any CPU.Build.0 = Release|Any CPU
		{CBC1F5A2-F51C-4588-925E-7435186B2735}.Debug|Any CPU.ActiveCfg = Debug|Any CPU
		{CBC1F5A2-F51C-4588-925E-7435186B2735}.Debug|Any CPU.Build.0 = Debug|Any CPU
		{CBC1F5A2-F51C-4588-925E-7435186B2735}.Release|Any CPU.ActiveCfg = Release|Any CPU
		{CBC1F5A2-F51C-4588-925E-7435186B2735}.Release|Any CPU.Build.0 = Release|Any CPU
		{BF88D546-FBA3-4203-AEF5-479CD58B94AC}.Debug|Any CPU.ActiveCfg = Debug|Any CPU
		{BF88D546-FBA3-4203-AEF5-479CD58B94AC}.Debug|Any CPU.Build.0 = Debug|Any CPU
		{BF88D546-FBA3-4203-AEF5-479CD58B94AC}.Release|Any CPU.ActiveCfg = Release|Any CPU
		{BF88D546-FBA3-4203-AEF5-479CD58B94AC}.Release|Any CPU.Build.0 = Release|Any CPU
		{EA9E6E8E-831F-4B56-A207-746DEE67534B}.Debug|Any CPU.ActiveCfg = Debug|Any CPU
		{EA9E6E8E-831F-4B56-A207-746DEE67534B}.Debug|Any CPU.Build.0 = Debug|Any CPU
		{EA9E6E8E-831F-4B56-A207-746DEE67534B}.Release|Any CPU.ActiveCfg = Release|Any CPU
		{EA9E6E8E-831F-4B56-A207-746DEE67534B}.Release|Any CPU.Build.0 = Release|Any CPU
		{F01D85E5-DBC0-4ACC-9428-1F675F89F79E}.Debug|Any CPU.ActiveCfg = Debug|Any CPU
		{F01D85E5-DBC0-4ACC-9428-1F675F89F79E}.Debug|Any CPU.Build.0 = Debug|Any CPU
		{F01D85E5-DBC0-4ACC-9428-1F675F89F79E}.Release|Any CPU.ActiveCfg = Release|Any CPU
		{F01D85E5-DBC0-4ACC-9428-1F675F89F79E}.Release|Any CPU.Build.0 = Release|Any CPU
	EndGlobalSection
	GlobalSection(SolutionProperties) = preSolution
		HideSolutionNode = FALSE
	EndGlobalSection
	GlobalSection(ExtensibilityGlobals) = postSolution
		SolutionGuid = {08393627-5417-4841-B0B4-473769AB3258}
	EndGlobalSection
EndGlobal
